
Microsoft Visual Studio Solution File, Format Version 12.00
# Visual Studio Version 16
VisualStudioVersion = 16.0.29728.190
MinimumVisualStudioVersion = 10.0.40219.1
Project("{9A19103F-16F7-4668-BE54-9A1E7A4F7556}") = "Cake.AzCliParser", "Cake.AzCliParser\Cake.AzCliParser.csproj", "{2F31BA56-D9A7-42AB-AAFF-4A6C142CA3C7}"
EndProject
Project("{9A19103F-16F7-4668-BE54-9A1E7A4F7556}") = "Cake.AzCliParser.Test", "Cake.ProjectGeneratorTest\Cake.AzCliParser.Test.csproj", "{44F182B0-2310-4823-9EE7-358294A5FB53}"
EndProject
Project("{9A19103F-16F7-4668-BE54-9A1E7A4F7556}") = "Cake.AzureCli", "Cake.AzureCli\Cake.AzureCli.csproj", "{CF7E4587-0C57-40BC-A7CE-99F5988E2512}"
EndProject
Project("{FAE04EC0-301F-11D3-BF4B-00C04F79EFBC}") = "Cake.AzCli.Core", "Cake.AzCliCore\Cake.AzCli.Core.csproj", "{1224D586-4691-4988-86D7-F887E36C3E63}"
EndProject
Global
	GlobalSection(SolutionConfigurationPlatforms) = preSolution
		Debug|Any CPU = Debug|Any CPU
		Release|Any CPU = Release|Any CPU
	EndGlobalSection
	GlobalSection(ProjectConfigurationPlatforms) = postSolution
		{2F31BA56-D9A7-42AB-AAFF-4A6C142CA3C7}.Debug|Any CPU.ActiveCfg = Debug|Any CPU
		{2F31BA56-D9A7-42AB-AAFF-4A6C142CA3C7}.Debug|Any CPU.Build.0 = Debug|Any CPU
		{2F31BA56-D9A7-42AB-AAFF-4A6C142CA3C7}.Release|Any CPU.ActiveCfg = Release|Any CPU
		{2F31BA56-D9A7-42AB-AAFF-4A6C142CA3C7}.Release|Any CPU.Build.0 = Release|Any CPU
		{44F182B0-2310-4823-9EE7-358294A5FB53}.Debug|Any CPU.ActiveCfg = Debug|Any CPU
		{44F182B0-2310-4823-9EE7-358294A5FB53}.Debug|Any CPU.Build.0 = Debug|Any CPU
		{44F182B0-2310-4823-9EE7-358294A5FB53}.Release|Any CPU.ActiveCfg = Release|Any CPU
		{44F182B0-2310-4823-9EE7-358294A5FB53}.Release|Any CPU.Build.0 = Release|Any CPU
		{CF7E4587-0C57-40BC-A7CE-99F5988E2512}.Debug|Any CPU.ActiveCfg = Debug|Any CPU
		{CF7E4587-0C57-40BC-A7CE-99F5988E2512}.Debug|Any CPU.Build.0 = Debug|Any CPU
		{CF7E4587-0C57-40BC-A7CE-99F5988E2512}.Release|Any CPU.ActiveCfg = Release|Any CPU
		{CF7E4587-0C57-40BC-A7CE-99F5988E2512}.Release|Any CPU.Build.0 = Release|Any CPU
		{1224D586-4691-4988-86D7-F887E36C3E63}.Debug|Any CPU.ActiveCfg = Debug|Any CPU
		{1224D586-4691-4988-86D7-F887E36C3E63}.Debug|Any CPU.Build.0 = Debug|Any CPU
		{1224D586-4691-4988-86D7-F887E36C3E63}.Release|Any CPU.ActiveCfg = Release|Any CPU
		{1224D586-4691-4988-86D7-F887E36C3E63}.Release|Any CPU.Build.0 = Release|Any CPU
	EndGlobalSection
	GlobalSection(SolutionProperties) = preSolution
		HideSolutionNode = FALSE
	EndGlobalSection
	GlobalSection(ExtensibilityGlobals) = postSolution
		SolutionGuid = {5B0AFA1F-E33B-440C-A7E2-34C83675FECD}
	EndGlobalSection
EndGlobal
